
Microsoft Visual Studio Solution File, Format Version 12.00
# Visual Studio Version 17
VisualStudioVersion = 17.7.34221.43
MinimumVisualStudioVersion = 10.0.40219.1
Project("{9A19103F-16F7-4668-BE54-9A1E7A4F7556}") = "BulkyWeb", "BulkyWeb\BulkyWeb.csproj", "{A86D4197-8409-4873-AFCB-446B6BE0D1BA}"
EndProject
Project("{FAE04EC0-301F-11D3-BF4B-00C04F79EFBC}") = "Bulky.DataAccess", "Bulky.DataAccess\Bulky.DataAccess.csproj", "{B0736A9F-9E1D-4313-ADA0-EE862E0D31BC}"
EndProject
Project("{FAE04EC0-301F-11D3-BF4B-00C04F79EFBC}") = "Bulky.Models", "Bulky.Models\Bulky.Models.csproj", "{6B817060-BF3C-4D16-A783-3E8CBE57F045}"
EndProject
Project("{FAE04EC0-301F-11D3-BF4B-00C04F79EFBC}") = "Bulky.Utility", "Bulky.Utility\Bulky.Utility.csproj", "{D9BBABB1-6E52-4106-BF50-688631EB0236}"
EndProject
Global
	GlobalSection(SolutionConfigurationPlatforms) = preSolution
		Debug|Any CPU = Debug|Any CPU
		Release|Any CPU = Release|Any CPU
	EndGlobalSection
	GlobalSection(ProjectConfigurationPlatforms) = postSolution
		{A86D4197-8409-4873-AFCB-446B6BE0D1BA}.Debug|Any CPU.ActiveCfg = Debug|Any CPU
		{A86D4197-8409-4873-AFCB-446B6BE0D1BA}.Debug|Any CPU.Build.0 = Debug|Any CPU
		{A86D4197-8409-4873-AFCB-446B6BE0D1BA}.Release|Any CPU.ActiveCfg = Release|Any CPU
		{A86D4197-8409-4873-AFCB-446B6BE0D1BA}.Release|Any CPU.Build.0 = Release|Any CPU
		{B0736A9F-9E1D-4313-ADA0-EE862E0D31BC}.Debug|Any CPU.ActiveCfg = Debug|Any CPU
		{B0736A9F-9E1D-4313-ADA0-EE862E0D31BC}.Debug|Any CPU.Build.0 = Debug|Any CPU
		{B0736A9F-9E1D-4313-ADA0-EE862E0D31BC}.Release|Any CPU.ActiveCfg = Release|Any CPU
		{B0736A9F-9E1D-4313-ADA0-EE862E0D31BC}.Release|Any CPU.Build.0 = Release|Any CPU
		{6B817060-BF3C-4D16-A783-3E8CBE57F045}.Debug|Any CPU.ActiveCfg = Debug|Any CPU
		{6B817060-BF3C-4D16-A783-3E8CBE57F045}.Debug|Any CPU.Build.0 = Debug|Any CPU
		{6B817060-BF3C-4D16-A783-3E8CBE57F045}.Release|Any CPU.ActiveCfg = Release|Any CPU
		{6B817060-BF3C-4D16-A783-3E8CBE57F045}.Release|Any CPU.Build.0 = Release|Any CPU
		{D9BBABB1-6E52-4106-BF50-688631EB0236}.Debug|Any CPU.ActiveCfg = Debug|Any CPU
		{D9BBABB1-6E52-4106-BF50-688631EB0236}.Debug|Any CPU.Build.0 = Debug|Any CPU
		{D9BBABB1-6E52-4106-BF50-688631EB0236}.Release|Any CPU.ActiveCfg = Release|Any CPU
		{D9BBABB1-6E52-4106-BF50-688631EB0236}.Release|Any CPU.Build.0 = Release|Any CPU
	EndGlobalSection
	GlobalSection(SolutionProperties) = preSolution
		HideSolutionNode = FALSE
	EndGlobalSection
	GlobalSection(ExtensibilityGlobals) = postSolution
		SolutionGuid = {EA498A60-A667-473E-AF03-845918EF0B90}
	EndGlobalSection
EndGlobal
